<?xml version="1.0" encoding="utf-8"?>
<Project ToolsVersion="4.0" xmlns="http://schemas.microsoft.com/developer/msbuild/2003">
  <ItemGroup>
    <Filter Include="Исходные файлы">
      <UniqueIdentifier>{4FC737F1-C7A5-4376-A066-2A32D752A2FF}</UniqueIdentifier>
      <Extensions>cpp;c;cc;cxx;def;odl;idl;hpj;bat;asm;asmx</Extensions>
    </Filter>
    <Filter Include="Файлы заголовков">
      <UniqueIdentifier>{93995380-89BD-4b04-88EB-625FBE52EBFB}</UniqueIdentifier>
      <Extensions>h;hh;hpp;hxx;hm;inl;inc;ipp;xsd</Extensions>
    </Filter>
    <Filter Include="Файлы ресурсов">
      <UniqueIdentifier>{67DA6AB6-F800-4c08-8B7A-83BB121AAD01}</UniqueIdentifier>
      <Extensions>rc;ico;cur;bmp;dlg;rc2;rct;bin;rgs;gif;jpg;jpeg;jpe;resx;tiff;tif;png;wav;mfcribbon-ms</Extensions>
    </Filter>
    <Filter Include="Файлы ресурсов\TinyXML">
      <UniqueIdentifier>{5a635cb9-04e9-4a7c-92a2-6ad4764f7348}</UniqueIdentifier>
    </Filter>
    <Filter Include="Файлы ресурсов\TiledMapLoader">
      <UniqueIdentifier>{63faba83-09b2-441b-8729-d3fb771c6072}</UniqueIdentifier>
    </Filter>
    <Filter Include="Исходные файлы\PlayerState">
      <UniqueIdentifier>{d35df206-eacf-4e11-bffc-25ae6b590736}</UniqueIdentifier>
    </Filter>
  </ItemGroup>
  <ItemGroup>
    <ClCompile Include="Source\Main.cpp">
      <Filter>Исходные файлы</Filter>
    </ClCompile>
    <ClCompile Include="Source\Player.cpp">
      <Filter>Исходные файлы</Filter>
    </ClCompile>
    <ClCompile Include="Source\TinyXML\tinystr.cpp">
      <Filter>Файлы ресурсов\TinyXML</Filter>
    </ClCompile>
    <ClCompile Include="Source\TinyXML\tinyxml.cpp">
      <Filter>Файлы ресурсов\TinyXML</Filter>
    </ClCompile>
    <ClCompile Include="Source\TinyXML\tinyxmlerror.cpp">
      <Filter>Файлы ресурсов\TinyXML</Filter>
    </ClCompile>
    <ClCompile Include="Source\TinyXML\tinyxmlparser.cpp">
      <Filter>Файлы ресурсов\TinyXML</Filter>
    </ClCompile>
    <ClCompile Include="Source\TiledMapLoader\level.cpp">
      <Filter>Файлы ресурсов\TiledMapLoader</Filter>
    </ClCompile>
    <ClCompile Include="Source\Animation.cpp">
      <Filter>Исходные файлы</Filter>
    </ClCompile>
    <ClCompile Include="Source\Bullet.cpp">
      <Filter>Исходные файлы</Filter>
    </ClCompile>
    <ClCompile Include="Source\Entity.cpp">
      <Filter>Исходные файлы</Filter>
    </ClCompile>
    <ClCompile Include="Source\Zombie.cpp">
      <Filter>Исходные файлы</Filter>
    </ClCompile>
    <ClCompile Include="Objects.cpp">
      <Filter>Файлы ресурсов\TiledMapLoader</Filter>
    </ClCompile>
    <ClCompile Include="Source\Hud.cpp">
      <Filter>Исходные файлы</Filter>
    </ClCompile>
    <ClCompile Include="Source\PlayerState\MovePlayerState.cpp">
      <Filter>Исходные файлы\PlayerState</Filter>
    </ClCompile>
    <ClCompile Include="Source\PlayerState\PlayerState.cpp">
      <Filter>Исходные файлы\PlayerState</Filter>
    </ClCompile>
    <ClCompile Include="Source\PlayerState\MeleeattackPlayerState.cpp">
      <Filter>Исходные файлы\PlayerState</Filter>
    </ClCompile>
    <ClCompile Include="Source\PlayerState\StaticState.cpp">
      <Filter>Исходные файлы\PlayerState</Filter>
    </ClCompile>
    <ClCompile Include="Source\PlayerState\ReloadPlayerState.cpp">
      <Filter>Исходные файлы\PlayerState</Filter>
    </ClCompile>
    <ClCompile Include="Source\PlayerState\ShootPlayerState.cpp">
      <Filter>Исходные файлы\PlayerState</Filter>
    </ClCompile>
    <ClCompile Include="Source\PlayerState\DeadPlayerState.cpp">
      <Filter>Исходные файлы\PlayerState</Filter>
    </ClCompile>
  </ItemGroup>
  <ItemGroup>
    <ClInclude Include="Source\Player.h">
      <Filter>Файлы заголовков</Filter>
    </ClInclude>
    <ClInclude Include="Source\TinyXML\tinystr.h">
      <Filter>Файлы ресурсов\TinyXML</Filter>
    </ClInclude>
    <ClInclude Include="Source\TinyXML\tinyxml.h">
      <Filter>Файлы ресурсов\TinyXML</Filter>
    </ClInclude>
    <ClInclude Include="Source\TiledMapLoader\level.h">
      <Filter>Файлы ресурсов\TiledMapLoader</Filter>
    </ClInclude>
    <ClInclude Include="Source\TiledMapLoader\Objects.h">
      <Filter>Файлы ресурсов\TiledMapLoader</Filter>
    </ClInclude>
    <ClInclude Include="Source\Animation.h">
      <Filter>Файлы заголовков</Filter>
    </ClInclude>
    <ClInclude Include="Source\Bullet.h">
      <Filter>Файлы заголовков</Filter>
    </ClInclude>
    <ClInclude Include="Source\Entity.h">
      <Filter>Файлы заголовков</Filter>
    </ClInclude>
    <ClInclude Include="Source\Zombie.h">
      <Filter>Файлы заголовков</Filter>
    </ClInclude>
    <ClInclude Include="Source\Hud.h">
      <Filter>Файлы заголовков</Filter>
    </ClInclude>
    <ClInclude Include="Source\PlayerState\MovePlayerState.h">
      <Filter>Исходные файлы\PlayerState</Filter>
    </ClInclude>
    <ClInclude Include="Source\PlayerState\PlayerState.h">
      <Filter>Исходные файлы\PlayerState</Filter>
    </ClInclude>
    <ClInclude Include="Source\PlayerState\MeleeattackPlayerState.h">
      <Filter>Исходные файлы\PlayerState</Filter>
    </ClInclude>
    <ClInclude Include="Source\PlayerState\StaticState.h">
      <Filter>Исходные файлы\PlayerState</Filter>
    </ClInclude>
    <ClInclude Include="Source\PlayerState\ReloadPlayerState.h">
      <Filter>Исходные файлы\PlayerState</Filter>
    </ClInclude>
    <ClInclude Include="Source\PlayerState\ShootPlayerState.h">
      <Filter>Исходные файлы\PlayerState</Filter>
    </ClInclude>
    <ClInclude Include="Source\PlayerState\DeadPlayerState.h">
      <Filter>Исходные файлы\PlayerState</Filter>
    </ClInclude>
  </ItemGroup>
</Project>